
Microsoft Visual Studio Solution File, Format Version 12.00
# Visual Studio Version 17
VisualStudioVersion = 17.0.31919.166
MinimumVisualStudioVersion = 10.0.40219.1
Project("{9A19103F-16F7-4668-BE54-9A1E7A4F7556}") = "WebApp", "WebApp\WebApp.csproj", "{57C63614-ADE5-4A2B-889C-473245FF7A71}"
EndProject
Project("{9A19103F-16F7-4668-BE54-9A1E7A4F7556}") = "Services", "Services\Services.csproj", "{4D458876-57E7-4CC6-A482-235B382AA90E}"
EndProject
Project("{FAE04EC0-301F-11D3-BF4B-00C04F79EFBC}") = "Core", "Core\Core.csproj", "{E29BF99B-9F4F-4F8A-86C4-D5CE61429093}"
EndProject
Project("{FAE04EC0-301F-11D3-BF4B-00C04F79EFBC}") = "RESTModule", "RESTModule\RESTModule.csproj", "{F0711EDF-BA7D-4DA4-AA6A-D6DA8B62D9BF}"
EndProject
Project("{FAE04EC0-301F-11D3-BF4B-00C04F79EFBC}") = "Utilities", "Utilities\Utilities.csproj", "{594B1859-A9E8-419D-AB01-56AFFD85424E}"
EndProject
Project("{FAE04EC0-301F-11D3-BF4B-00C04F79EFBC}") = "DataService", "FinanceDataService\DataService.csproj", "{FF249DD7-9E5E-4EF4-8AE4-D0F126CD8171}"
EndProject
Project("{FAE04EC0-301F-11D3-BF4B-00C04F79EFBC}") = "BindingModels", "BindingModels\BindingModels.csproj", "{405259A6-A8BC-4625-92E1-23134EB49F12}"
EndProject
Project("{FAE04EC0-301F-11D3-BF4B-00C04F79EFBC}") = "SqlClient", "FinanceSqlClient\SqlClient\SqlClient.csproj", "{C6A26721-1246-4415-9920-1CD47B575B84}"
EndProject
Global
	GlobalSection(SolutionConfigurationPlatforms) = preSolution
		Debug|Any CPU = Debug|Any CPU
		Debug|x86 = Debug|x86
		Release|Any CPU = Release|Any CPU
		Release|x86 = Release|x86
	EndGlobalSection
	GlobalSection(ProjectConfigurationPlatforms) = postSolution
		{57C63614-ADE5-4A2B-889C-473245FF7A71}.Debug|Any CPU.ActiveCfg = Debug|Any CPU
		{57C63614-ADE5-4A2B-889C-473245FF7A71}.Debug|Any CPU.Build.0 = Debug|Any CPU
		{57C63614-ADE5-4A2B-889C-473245FF7A71}.Debug|x86.ActiveCfg = Debug|Any CPU
		{57C63614-ADE5-4A2B-889C-473245FF7A71}.Debug|x86.Build.0 = Debug|Any CPU
		{57C63614-ADE5-4A2B-889C-473245FF7A71}.Release|Any CPU.ActiveCfg = Release|Any CPU
		{57C63614-ADE5-4A2B-889C-473245FF7A71}.Release|Any CPU.Build.0 = Release|Any CPU
		{57C63614-ADE5-4A2B-889C-473245FF7A71}.Release|x86.ActiveCfg = Release|Any CPU
		{57C63614-ADE5-4A2B-889C-473245FF7A71}.Release|x86.Build.0 = Release|Any CPU
		{4D458876-57E7-4CC6-A482-235B382AA90E}.Debug|Any CPU.ActiveCfg = Debug|Any CPU
		{4D458876-57E7-4CC6-A482-235B382AA90E}.Debug|Any CPU.Build.0 = Debug|Any CPU
		{4D458876-57E7-4CC6-A482-235B382AA90E}.Debug|x86.ActiveCfg = Debug|Any CPU
		{4D458876-57E7-4CC6-A482-235B382AA90E}.Debug|x86.Build.0 = Debug|Any CPU
		{4D458876-57E7-4CC6-A482-235B382AA90E}.Release|Any CPU.ActiveCfg = Release|Any CPU
		{4D458876-57E7-4CC6-A482-235B382AA90E}.Release|Any CPU.Build.0 = Release|Any CPU
		{4D458876-57E7-4CC6-A482-235B382AA90E}.Release|x86.ActiveCfg = Release|Any CPU
		{4D458876-57E7-4CC6-A482-235B382AA90E}.Release|x86.Build.0 = Release|Any CPU
		{E29BF99B-9F4F-4F8A-86C4-D5CE61429093}.Debug|Any CPU.ActiveCfg = Debug|Any CPU
		{E29BF99B-9F4F-4F8A-86C4-D5CE61429093}.Debug|Any CPU.Build.0 = Debug|Any CPU
		{E29BF99B-9F4F-4F8A-86C4-D5CE61429093}.Debug|x86.ActiveCfg = Debug|Any CPU
		{E29BF99B-9F4F-4F8A-86C4-D5CE61429093}.Debug|x86.Build.0 = Debug|Any CPU
		{E29BF99B-9F4F-4F8A-86C4-D5CE61429093}.Release|Any CPU.ActiveCfg = Release|Any CPU
		{E29BF99B-9F4F-4F8A-86C4-D5CE61429093}.Release|Any CPU.Build.0 = Release|Any CPU
		{E29BF99B-9F4F-4F8A-86C4-D5CE61429093}.Release|x86.ActiveCfg = Release|Any CPU
		{E29BF99B-9F4F-4F8A-86C4-D5CE61429093}.Release|x86.Build.0 = Release|Any CPU
		{F0711EDF-BA7D-4DA4-AA6A-D6DA8B62D9BF}.Debug|Any CPU.ActiveCfg = Debug|Any CPU
		{F0711EDF-BA7D-4DA4-AA6A-D6DA8B62D9BF}.Debug|Any CPU.Build.0 = Debug|Any CPU
		{F0711EDF-BA7D-4DA4-AA6A-D6DA8B62D9BF}.Debug|x86.ActiveCfg = Debug|Any CPU
		{F0711EDF-BA7D-4DA4-AA6A-D6DA8B62D9BF}.Debug|x86.Build.0 = Debug|Any CPU
		{F0711EDF-BA7D-4DA4-AA6A-D6DA8B62D9BF}.Release|Any CPU.ActiveCfg = Release|Any CPU
		{F0711EDF-BA7D-4DA4-AA6A-D6DA8B62D9BF}.Release|Any CPU.Build.0 = Release|Any CPU
		{F0711EDF-BA7D-4DA4-AA6A-D6DA8B62D9BF}.Release|x86.ActiveCfg = Release|Any CPU
		{F0711EDF-BA7D-4DA4-AA6A-D6DA8B62D9BF}.Release|x86.Build.0 = Release|Any CPU
		{594B1859-A9E8-419D-AB01-56AFFD85424E}.Debug|Any CPU.ActiveCfg = Debug|Any CPU
		{594B1859-A9E8-419D-AB01-56AFFD85424E}.Debug|Any CPU.Build.0 = Debug|Any CPU
		{594B1859-A9E8-419D-AB01-56AFFD85424E}.Debug|x86.ActiveCfg = Debug|Any CPU
		{594B1859-A9E8-419D-AB01-56AFFD85424E}.Debug|x86.Build.0 = Debug|Any CPU
		{594B1859-A9E8-419D-AB01-56AFFD85424E}.Release|Any CPU.ActiveCfg = Release|Any CPU
		{594B1859-A9E8-419D-AB01-56AFFD85424E}.Release|Any CPU.Build.0 = Release|Any CPU
		{594B1859-A9E8-419D-AB01-56AFFD85424E}.Release|x86.ActiveCfg = Release|Any CPU
		{594B1859-A9E8-419D-AB01-56AFFD85424E}.Release|x86.Build.0 = Release|Any CPU
		{FF249DD7-9E5E-4EF4-8AE4-D0F126CD8171}.Debug|Any CPU.ActiveCfg = Debug|Any CPU
		{FF249DD7-9E5E-4EF4-8AE4-D0F126CD8171}.Debug|Any CPU.Build.0 = Debug|Any CPU
		{FF249DD7-9E5E-4EF4-8AE4-D0F126CD8171}.Debug|x86.ActiveCfg = Debug|x86
		{FF249DD7-9E5E-4EF4-8AE4-D0F126CD8171}.Debug|x86.Build.0 = Debug|x86
		{FF249DD7-9E5E-4EF4-8AE4-D0F126CD8171}.Release|Any CPU.ActiveCfg = Release|Any CPU
		{FF249DD7-9E5E-4EF4-8AE4-D0F126CD8171}.Release|Any CPU.Build.0 = Release|Any CPU
		{FF249DD7-9E5E-4EF4-8AE4-D0F126CD8171}.Release|x86.ActiveCfg = Release|x86
		{FF249DD7-9E5E-4EF4-8AE4-D0F126CD8171}.Release|x86.Build.0 = Release|x86
		{405259A6-A8BC-4625-92E1-23134EB49F12}.Debug|Any CPU.ActiveCfg = Debug|Any CPU
		{405259A6-A8BC-4625-92E1-23134EB49F12}.Debug|Any CPU.Build.0 = Debug|Any CPU
		{405259A6-A8BC-4625-92E1-23134EB49F12}.Debug|x86.ActiveCfg = Debug|x86
		{405259A6-A8BC-4625-92E1-23134EB49F12}.Debug|x86.Build.0 = Debug|x86
		{405259A6-A8BC-4625-92E1-23134EB49F12}.Release|Any CPU.ActiveCfg = Release|Any CPU
		{405259A6-A8BC-4625-92E1-23134EB49F12}.Release|Any CPU.Build.0 = Release|Any CPU
		{405259A6-A8BC-4625-92E1-23134EB49F12}.Release|x86.ActiveCfg = Release|x86
		{405259A6-A8BC-4625-92E1-23134EB49F12}.Release|x86.Build.0 = Release|x86
		{C6A26721-1246-4415-9920-1CD47B575B84}.Debug|Any CPU.ActiveCfg = Debug|Any CPU
		{C6A26721-1246-4415-9920-1CD47B575B84}.Debug|Any CPU.Build.0 = Debug|Any CPU
		{C6A26721-1246-4415-9920-1CD47B575B84}.Debug|x86.ActiveCfg = Debug|x86
		{C6A26721-1246-4415-9920-1CD47B575B84}.Debug|x86.Build.0 = Debug|x86
		{C6A26721-1246-4415-9920-1CD47B575B84}.Release|Any CPU.ActiveCfg = Release|Any CPU
		{C6A26721-1246-4415-9920-1CD47B575B84}.Release|Any CPU.Build.0 = Release|Any CPU
		{C6A26721-1246-4415-9920-1CD47B575B84}.Release|x86.ActiveCfg = Release|x86
		{C6A26721-1246-4415-9920-1CD47B575B84}.Release|x86.Build.0 = Release|x86
	EndGlobalSection
	GlobalSection(SolutionProperties) = preSolution
		HideSolutionNode = FALSE
	EndGlobalSection
	GlobalSection(ExtensibilityGlobals) = postSolution
		SolutionGuid = {B4449BEF-BC49-4CE5-9B9C-C590457903FD}
	EndGlobalSection
EndGlobal
