
Microsoft Visual Studio Solution File, Format Version 12.00
# Visual Studio Version 17
VisualStudioVersion = 17.0.31919.166
MinimumVisualStudioVersion = 10.0.40219.1
Project("{9A19103F-16F7-4668-BE54-9A1E7A4F7556}") = "WebApp", "WebApp\WebApp.csproj", "{57C63614-ADE5-4A2B-889C-473245FF7A71}"
EndProject
Project("{9A19103F-16F7-4668-BE54-9A1E7A4F7556}") = "Services", "Services\Services.csproj", "{4D458876-57E7-4CC6-A482-235B382AA90E}"
EndProject
Project("{FAE04EC0-301F-11D3-BF4B-00C04F79EFBC}") = "Core", "Core\Core.csproj", "{E29BF99B-9F4F-4F8A-86C4-D5CE61429093}"
EndProject
Project("{FAE04EC0-301F-11D3-BF4B-00C04F79EFBC}") = "RESTModule", "RESTModule\RESTModule.csproj", "{F0711EDF-BA7D-4DA4-AA6A-D6DA8B62D9BF}"
EndProject
Project("{FAE04EC0-301F-11D3-BF4B-00C04F79EFBC}") = "Utilities", "Utilities\Utilities.csproj", "{594B1859-A9E8-419D-AB01-56AFFD85424E}"
EndProject
Project("{FAE04EC0-301F-11D3-BF4B-00C04F79EFBC}") = "DataService", "FinanceDataService\DataService.csproj", "{3250CB4E-FC3B-42A4-AFC9-8A2493BF1197}"
EndProject
Project("{FAE04EC0-301F-11D3-BF4B-00C04F79EFBC}") = "BindingModels", "BindingModels\BindingModels.csproj", "{3190AAE9-29C4-42C8-9BD2-30A34ED43484}"
EndProject
Project("{FAE04EC0-301F-11D3-BF4B-00C04F79EFBC}") = "SqlClient", "FinanceSqlClient\SqlClient\SqlClient.csproj", "{A4B76426-BC8B-419A-AEB1-2545CDF4DD1E}"
EndProject
Global
	GlobalSection(SolutionConfigurationPlatforms) = preSolution
		Debug|Any CPU = Debug|Any CPU
		Debug|x86 = Debug|x86
		Release|Any CPU = Release|Any CPU
		Release|x86 = Release|x86
	EndGlobalSection
	GlobalSection(ProjectConfigurationPlatforms) = postSolution
		{57C63614-ADE5-4A2B-889C-473245FF7A71}.Debug|Any CPU.ActiveCfg = Debug|Any CPU
		{57C63614-ADE5-4A2B-889C-473245FF7A71}.Debug|Any CPU.Build.0 = Debug|Any CPU
		{57C63614-ADE5-4A2B-889C-473245FF7A71}.Debug|x86.ActiveCfg = Debug|Any CPU
		{57C63614-ADE5-4A2B-889C-473245FF7A71}.Debug|x86.Build.0 = Debug|Any CPU
		{57C63614-ADE5-4A2B-889C-473245FF7A71}.Release|Any CPU.ActiveCfg = Release|Any CPU
		{57C63614-ADE5-4A2B-889C-473245FF7A71}.Release|Any CPU.Build.0 = Release|Any CPU
		{57C63614-ADE5-4A2B-889C-473245FF7A71}.Release|x86.ActiveCfg = Release|Any CPU
		{57C63614-ADE5-4A2B-889C-473245FF7A71}.Release|x86.Build.0 = Release|Any CPU
		{4D458876-57E7-4CC6-A482-235B382AA90E}.Debug|Any CPU.ActiveCfg = Debug|Any CPU
		{4D458876-57E7-4CC6-A482-235B382AA90E}.Debug|Any CPU.Build.0 = Debug|Any CPU
		{4D458876-57E7-4CC6-A482-235B382AA90E}.Debug|x86.ActiveCfg = Debug|Any CPU
		{4D458876-57E7-4CC6-A482-235B382AA90E}.Debug|x86.Build.0 = Debug|Any CPU
		{4D458876-57E7-4CC6-A482-235B382AA90E}.Release|Any CPU.ActiveCfg = Release|Any CPU
		{4D458876-57E7-4CC6-A482-235B382AA90E}.Release|Any CPU.Build.0 = Release|Any CPU
		{4D458876-57E7-4CC6-A482-235B382AA90E}.Release|x86.ActiveCfg = Release|Any CPU
		{4D458876-57E7-4CC6-A482-235B382AA90E}.Release|x86.Build.0 = Release|Any CPU
		{E29BF99B-9F4F-4F8A-86C4-D5CE61429093}.Debug|Any CPU.ActiveCfg = Debug|Any CPU
		{E29BF99B-9F4F-4F8A-86C4-D5CE61429093}.Debug|Any CPU.Build.0 = Debug|Any CPU
		{E29BF99B-9F4F-4F8A-86C4-D5CE61429093}.Debug|x86.ActiveCfg = Debug|Any CPU
		{E29BF99B-9F4F-4F8A-86C4-D5CE61429093}.Debug|x86.Build.0 = Debug|Any CPU
		{E29BF99B-9F4F-4F8A-86C4-D5CE61429093}.Release|Any CPU.ActiveCfg = Release|Any CPU
		{E29BF99B-9F4F-4F8A-86C4-D5CE61429093}.Release|Any CPU.Build.0 = Release|Any CPU
		{E29BF99B-9F4F-4F8A-86C4-D5CE61429093}.Release|x86.ActiveCfg = Release|Any CPU
		{E29BF99B-9F4F-4F8A-86C4-D5CE61429093}.Release|x86.Build.0 = Release|Any CPU
		{F0711EDF-BA7D-4DA4-AA6A-D6DA8B62D9BF}.Debug|Any CPU.ActiveCfg = Debug|Any CPU
		{F0711EDF-BA7D-4DA4-AA6A-D6DA8B62D9BF}.Debug|Any CPU.Build.0 = Debug|Any CPU
		{F0711EDF-BA7D-4DA4-AA6A-D6DA8B62D9BF}.Debug|x86.ActiveCfg = Debug|Any CPU
		{F0711EDF-BA7D-4DA4-AA6A-D6DA8B62D9BF}.Debug|x86.Build.0 = Debug|Any CPU
		{F0711EDF-BA7D-4DA4-AA6A-D6DA8B62D9BF}.Release|Any CPU.ActiveCfg = Release|Any CPU
		{F0711EDF-BA7D-4DA4-AA6A-D6DA8B62D9BF}.Release|Any CPU.Build.0 = Release|Any CPU
		{F0711EDF-BA7D-4DA4-AA6A-D6DA8B62D9BF}.Release|x86.ActiveCfg = Release|Any CPU
		{F0711EDF-BA7D-4DA4-AA6A-D6DA8B62D9BF}.Release|x86.Build.0 = Release|Any CPU
		{594B1859-A9E8-419D-AB01-56AFFD85424E}.Debug|Any CPU.ActiveCfg = Debug|Any CPU
		{594B1859-A9E8-419D-AB01-56AFFD85424E}.Debug|Any CPU.Build.0 = Debug|Any CPU
		{594B1859-A9E8-419D-AB01-56AFFD85424E}.Debug|x86.ActiveCfg = Debug|Any CPU
		{594B1859-A9E8-419D-AB01-56AFFD85424E}.Debug|x86.Build.0 = Debug|Any CPU
		{594B1859-A9E8-419D-AB01-56AFFD85424E}.Release|Any CPU.ActiveCfg = Release|Any CPU
		{594B1859-A9E8-419D-AB01-56AFFD85424E}.Release|Any CPU.Build.0 = Release|Any CPU
		{594B1859-A9E8-419D-AB01-56AFFD85424E}.Release|x86.ActiveCfg = Release|Any CPU
		{594B1859-A9E8-419D-AB01-56AFFD85424E}.Release|x86.Build.0 = Release|Any CPU
		{3250CB4E-FC3B-42A4-AFC9-8A2493BF1197}.Debug|Any CPU.ActiveCfg = Debug|Any CPU
		{3250CB4E-FC3B-42A4-AFC9-8A2493BF1197}.Debug|Any CPU.Build.0 = Debug|Any CPU
		{3250CB4E-FC3B-42A4-AFC9-8A2493BF1197}.Debug|x86.ActiveCfg = Debug|x86
		{3250CB4E-FC3B-42A4-AFC9-8A2493BF1197}.Debug|x86.Build.0 = Debug|x86
		{3250CB4E-FC3B-42A4-AFC9-8A2493BF1197}.Release|Any CPU.ActiveCfg = Release|Any CPU
		{3250CB4E-FC3B-42A4-AFC9-8A2493BF1197}.Release|Any CPU.Build.0 = Release|Any CPU
		{3250CB4E-FC3B-42A4-AFC9-8A2493BF1197}.Release|x86.ActiveCfg = Release|x86
		{3250CB4E-FC3B-42A4-AFC9-8A2493BF1197}.Release|x86.Build.0 = Release|x86
		{3190AAE9-29C4-42C8-9BD2-30A34ED43484}.Debug|Any CPU.ActiveCfg = Debug|Any CPU
		{3190AAE9-29C4-42C8-9BD2-30A34ED43484}.Debug|Any CPU.Build.0 = Debug|Any CPU
		{3190AAE9-29C4-42C8-9BD2-30A34ED43484}.Debug|x86.ActiveCfg = Debug|x86
		{3190AAE9-29C4-42C8-9BD2-30A34ED43484}.Debug|x86.Build.0 = Debug|x86
		{3190AAE9-29C4-42C8-9BD2-30A34ED43484}.Release|Any CPU.ActiveCfg = Release|Any CPU
		{3190AAE9-29C4-42C8-9BD2-30A34ED43484}.Release|Any CPU.Build.0 = Release|Any CPU
		{3190AAE9-29C4-42C8-9BD2-30A34ED43484}.Release|x86.ActiveCfg = Release|x86
		{3190AAE9-29C4-42C8-9BD2-30A34ED43484}.Release|x86.Build.0 = Release|x86
		{A4B76426-BC8B-419A-AEB1-2545CDF4DD1E}.Debug|Any CPU.ActiveCfg = Debug|Any CPU
		{A4B76426-BC8B-419A-AEB1-2545CDF4DD1E}.Debug|Any CPU.Build.0 = Debug|Any CPU
		{A4B76426-BC8B-419A-AEB1-2545CDF4DD1E}.Debug|x86.ActiveCfg = Debug|x86
		{A4B76426-BC8B-419A-AEB1-2545CDF4DD1E}.Debug|x86.Build.0 = Debug|x86
		{A4B76426-BC8B-419A-AEB1-2545CDF4DD1E}.Release|Any CPU.ActiveCfg = Release|Any CPU
		{A4B76426-BC8B-419A-AEB1-2545CDF4DD1E}.Release|Any CPU.Build.0 = Release|Any CPU
		{A4B76426-BC8B-419A-AEB1-2545CDF4DD1E}.Release|x86.ActiveCfg = Release|x86
		{A4B76426-BC8B-419A-AEB1-2545CDF4DD1E}.Release|x86.Build.0 = Release|x86
	EndGlobalSection
	GlobalSection(SolutionProperties) = preSolution
		HideSolutionNode = FALSE
	EndGlobalSection
	GlobalSection(ExtensibilityGlobals) = postSolution
		SolutionGuid = {B4449BEF-BC49-4CE5-9B9C-C590457903FD}
	EndGlobalSection
EndGlobal
